// !$*UTF8*$!
{
	archiveVersion = 1;
	classes = {
	};
	objectVersion = 55;
	objects = {

/* Begin PBXBuildFile section */
		26C3ED642888B682003E5454 /* AppDelegate.swift in Sources */ = {isa = PBXBuildFile; fileRef = 26C3ED632888B682003E5454 /* AppDelegate.swift */; };
		26C3ED662888B682003E5454 /* SceneDelegate.swift in Sources */ = {isa = PBXBuildFile; fileRef = 26C3ED652888B682003E5454 /* SceneDelegate.swift */; };
		26C3ED682888B682003E5454 /* ViewController.swift in Sources */ = {isa = PBXBuildFile; fileRef = 26C3ED672888B682003E5454 /* ViewController.swift */; };
		26C3ED6B2888B682003E5454 /* Main.storyboard in Resources */ = {isa = PBXBuildFile; fileRef = 26C3ED692888B682003E5454 /* Main.storyboard */; };
		26C3ED6D2888B683003E5454 /* Assets.xcassets in Resources */ = {isa = PBXBuildFile; fileRef = 26C3ED6C2888B683003E5454 /* Assets.xcassets */; };
		26C3ED702888B683003E5454 /* LaunchScreen.storyboard in Resources */ = {isa = PBXBuildFile; fileRef = 26C3ED6E2888B683003E5454 /* LaunchScreen.storyboard */; };
		26E7A6E22889942500DDA845 /* extention.swift in Sources */ = {isa = PBXBuildFile; fileRef = 26E7A6E12889942500DDA845 /* extention.swift */; };
/* End PBXBuildFile section */

/* Begin PBXFileReference section */
		26C3ED602888B682003E5454 /* 19(mishozirakashvili).app */ = {isa = PBXFileReference; explicitFileType = wrapper.application; includeInIndex = 0; path = "19(mishozirakashvili).app"; sourceTree = BUILT_PRODUCTS_DIR; };
		26C3ED632888B682003E5454 /* AppDelegate.swift */ = {isa = PBXFileReference; lastKnownFileType = sourcecode.swift; path = AppDelegate.swift; sourceTree = "<group>"; };
		26C3ED652888B682003E5454 /* SceneDelegate.swift */ = {isa = PBXFileReference; lastKnownFileType = sourcecode.swift; path = SceneDelegate.swift; sourceTree = "<group>"; };
		26C3ED672888B682003E5454 /* ViewController.swift */ = {isa = PBXFileReference; lastKnownFileType = sourcecode.swift; path = ViewController.swift; sourceTree = "<group>"; };
		26C3ED6A2888B682003E5454 /* Base */ = {isa = PBXFileReference; lastKnownFileType = file.storyboard; name = Base; path = Base.lproj/Main.storyboard; sourceTree = "<group>"; };
		26C3ED6C2888B683003E5454 /* Assets.xcassets */ = {isa = PBXFileReference; lastKnownFileType = folder.assetcatalog; path = Assets.xcassets; sourceTree = "<group>"; };
		26C3ED6F2888B683003E5454 /* Base */ = {isa = PBXFileReference; lastKnownFileType = file.storyboard; name = Base; path = Base.lproj/LaunchScreen.storyboard; sourceTree = "<group>"; };
		26C3ED712888B683003E5454 /* Info.plist */ = {isa = PBXFileReference; lastKnownFileType = text.plist.xml; path = Info.plist; sourceTree = "<group>"; };
		26E7A6E12889942500DDA845 /* extention.swift */ = {isa = PBXFileReference; lastKnownFileType = sourcecode.swift; path = extention.swift; sourceTree = "<group>"; };
/* End PBXFileReference section */

/* Begin PBXFrameworksBuildPhase section */
		26C3ED5D2888B682003E5454 /* Frameworks */ = {
			isa = PBXFrameworksBuildPhase;
			buildActionMask = 2147483647;
			files = (
			);
			runOnlyForDeploymentPostprocessing = 0;
		};
/* End PBXFrameworksBuildPhase section */

/* Begin PBXGroup section */
		26C3ED572888B682003E5454 = {
			isa = PBXGroup;
			children = (
				26C3ED622888B682003E5454 /* 19(mishozirakashvili) */,
				26C3ED612888B682003E5454 /* Products */,
			);
			sourceTree = "<group>";
		};
		26C3ED612888B682003E5454 /* Products */ = {
			isa = PBXGroup;
			children = (
				26C3ED602888B682003E5454 /* 19(mishozirakashvili).app */,
			);
			name = Products;
			sourceTree = "<group>";
		};
		26C3ED622888B682003E5454 /* 19(mishozirakashvili) */ = {
			isa = PBXGroup;
			children = (
				26C3ED632888B682003E5454 /* AppDelegate.swift */,
				26C3ED652888B682003E5454 /* SceneDelegate.swift */,
				26C3ED672888B682003E5454 /* ViewController.swift */,
				26E7A6E12889942500DDA845 /* extention.swift */,
				26C3ED692888B682003E5454 /* Main.storyboard */,
				26C3ED6C2888B683003E5454 /* Assets.xcassets */,
				26C3ED6E2888B683003E5454 /* LaunchScreen.storyboard */,
				26C3ED712888B683003E5454 /* Info.plist */,
			);
			path = "19(mishozirakashvili)";
			sourceTree = "<group>";
		};
/* End PBXGroup section */

/* Begin PBXNativeTarget section */
		26C3ED5F2888B682003E5454 /* 19(mishozirakashvili) */ = {
			isa = PBXNativeTarget;
			buildConfigurationList = 26C3ED742888B683003E5454 /* Build configuration list for PBXNativeTarget "19(mishozirakashvili)" */;
			buildPhases = (
				26C3ED5C2888B682003E5454 /* Sources */,
				26C3ED5D2888B682003E5454 /* Frameworks */,
				26C3ED5E2888B682003E5454 /* Resources */,
			);
			buildRules = (
			);
			dependencies = (
			);
			name = "19(mishozirakashvili)";
			productName = "19(mishozirakashvili)";
			productReference = 26C3ED602888B682003E5454 /* 19(mishozirakashvili).app */;
			productType = "com.apple.product-type.application";
		};
/* End PBXNativeTarget section */

/* Begin PBXProject section */
		26C3ED582888B682003E5454 /* Project object */ = {
			isa = PBXProject;
			attributes = {
				BuildIndependentTargetsInParallel = 1;
				LastSwiftUpdateCheck = 1340;
				LastUpgradeCheck = 1340;
				TargetAttributes = {
					26C3ED5F2888B682003E5454 = {
						CreatedOnToolsVersion = 13.4.1;
					};
				};
			};
			buildConfigurationList = 26C3ED5B2888B682003E5454 /* Build configuration list for PBXProject "19(mishozirakashvili)" */;
			compatibilityVersion = "Xcode 13.0";
			developmentRegion = en;
			hasScannedForEncodings = 0;
			knownRegions = (
				en,
				Base,
			);
			mainGroup = 26C3ED572888B682003E5454;
			productRefGroup = 26C3ED612888B682003E5454 /* Products */;
			projectDirPath = "";
			projectRoot = "";
			targets = (
				26C3ED5F2888B682003E5454 /* 19(mishozirakashvili) */,
			);
		};
/* End PBXProject section */

/* Begin PBXResourcesBuildPhase section */
		26C3ED5E2888B682003E5454 /* Resources */ = {
			isa = PBXResourcesBuildPhase;
			buildActionMask = 2147483647;
			files = (
				26C3ED702888B683003E5454 /* LaunchScreen.storyboard in Resources */,
				26C3ED6D2888B683003E5454 /* Assets.xcassets in Resources */,
				26C3ED6B2888B682003E5454 /* Main.storyboard in Resources */,
			);
			runOnlyForDeploymentPostprocessing = 0;
		};
/* End PBXResourcesBuildPhase section */

/* Begin PBXSourcesBuildPhase section */
		26C3ED5C2888B682003E5454 /* Sources */ = {
			isa = PBXSourcesBuildPhase;
			buildActionMask = 2147483647;
			files = (
				26C3ED682888B682003E5454 /* ViewController.swift in Sources */,
				26C3ED642888B682003E5454 /* AppDelegate.swift in Sources */,
				26E7A6E22889942500DDA845 /* extention.swift in Sources */,
				26C3ED662888B682003E5454 /* SceneDelegate.swift in Sources */,
			);
			runOnlyForDeploymentPostprocessing = 0;
		};
/* End PBXSourcesBuildPhase section */

/* Begin PBXVariantGroup section */
		26C3ED692888B682003E5454 /* Main.storyboard */ = {
			isa = PBXVariantGroup;
			children = (
				26C3ED6A2888B682003E5454 /* Base */,
			);
			name = Main.storyboard;
			sourceTree = "<group>";
		};
		26C3ED6E2888B683003E5454 /* LaunchScreen.storyboard */ = {
			isa = PBXVariantGroup;
			children = (
				26C3ED6F2888B683003E5454 /* Base */,
			);
			name = LaunchScreen.storyboard;
			sourceTree = "<group>";
		};
/* End PBXVariantGroup section */

/* Begin XCBuildConfiguration section */
		26C3ED722888B683003E5454 /* Debug */ = {
			isa = XCBuildConfiguration;
			buildSettings = {
				ALWAYS_SEARCH_USER_PATHS = NO;
				CLANG_ANALYZER_NONNULL = YES;
				CLANG_ANALYZER_NUMBER_OBJECT_CONVERSION = YES_AGGRESSIVE;
				CLANG_CXX_LANGUAGE_STANDARD = "gnu++17";
				CLANG_ENABLE_MODULES = YES;
				CLANG_ENABLE_OBJC_ARC = YES;
				CLANG_ENABLE_OBJC_WEAK = YES;
				CLANG_WARN_BLOCK_CAPTURE_AUTORELEASING = YES;
				CLANG_WARN_BOOL_CONVERSION = YES;
				CLANG_WARN_COMMA = YES;
				CLANG_WARN_CONSTANT_CONVERSION = YES;
				CLANG_WARN_DEPRECATED_OBJC_IMPLEMENTATIONS = YES;
				CLANG_WARN_DIRECT_OBJC_ISA_USAGE = YES_ERROR;
				CLANG_WARN_DOCUMENTATION_COMMENTS = YES;
				CLANG_WARN_EMPTY_BODY = YES;
				CLANG_WARN_ENUM_CONVERSION = YES;
				CLANG_WARN_INFINITE_RECURSION = YES;
				CLANG_WARN_INT_CONVERSION = YES;
				CLANG_WARN_NON_LITERAL_NULL_CONVERSION = YES;
				CLANG_WARN_OBJC_IMPLICIT_RETAIN_SELF = YES;
				CLANG_WARN_OBJC_LITERAL_CONVERSION = YES;
				CLANG_WARN_OBJC_ROOT_CLASS = YES_ERROR;
				CLANG_WARN_QUOTED_INCLUDE_IN_FRAMEWORK_HEADER = YES;
				CLANG_WARN_RANGE_LOOP_ANALYSIS = YES;
				CLANG_WARN_STRICT_PROTOTYPES = YES;
				CLANG_WARN_SUSPICIOUS_MOVE = YES;
				CLANG_WARN_UNGUARDED_AVAILABILITY = YES_AGGRESSIVE;
				CLANG_WARN_UNREACHABLE_CODE = YES;
				CLANG_WARN__DUPLICATE_METHOD_MATCH = YES;
				COPY_PHASE_STRIP = NO;
				DEBUG_INFORMATION_FORMAT = dwarf;
				ENABLE_STRICT_OBJC_MSGSEND = YES;
				ENABLE_TESTABILITY = YES;
				GCC_C_LANGUAGE_STANDARD = gnu11;
				GCC_DYNAMIC_NO_PIC = NO;
				GCC_NO_COMMON_BLOCKS = YES;
				GCC_OPTIMIZATION_LEVEL = 0;
				GCC_PREPROCESSOR_DEFINITIONS = (
					"DEBUG=1",
					"$(inherited)",
				);
				GCC_WARN_64_TO_32_BIT_CONVERSION = YES;
				GCC_WARN_ABOUT_RETURN_TYPE = YES_ERROR;
				GCC_WARN_UNDECLARED_SELECTOR = YES;
				GCC_WARN_UNINITIALIZED_AUTOS = YES_AGGRESSIVE;
				GCC_WARN_UNUSED_FUNCTION = YES;
				GCC_WARN_UNUSED_VARIABLE = YES;
				IPHONEOS_DEPLOYMENT_TARGET = 15.5;
				MTL_ENABLE_DEBUG_INFO = INCLUDE_SOURCE;
				MTL_FAST_MATH = YES;
				ONLY_ACTIVE_ARCH = YES;
				SDKROOT = iphoneos;
				SWIFT_ACTIVE_COMPILATION_CONDITIONS = DEBUG;
				SWIFT_OPTIMIZATION_LEVEL = "-Onone";
			};
			name = Debug;
		};
		26C3ED732888B683003E5454 /* Release */ = {
			isa = XCBuildConfiguration;
			buildSettings = {
				ALWAYS_SEARCH_USER_PATHS = NO;
				CLANG_ANALYZER_NONNULL = YES;
				CLANG_ANALYZER_NUMBER_OBJECT_CONVERSION = YES_AGGRESSIVE;
				CLANG_CXX_LANGUAGE_STANDARD = "gnu++17";
				CLANG_ENABLE_MODULES = YES;
				CLANG_ENABLE_OBJC_ARC = YES;
				CLANG_ENABLE_OBJC_WEAK = YES;
				CLANG_WARN_BLOCK_CAPTURE_AUTORELEASING = YES;
				CLANG_WARN_BOOL_CONVERSION = YES;
				CLANG_WARN_COMMA = YES;
				CLANG_WARN_CONSTANT_CONVERSION = YES;
				CLANG_WARN_DEPRECATED_OBJC_IMPLEMENTATIONS = YES;
				CLANG_WARN_DIRECT_OBJC_ISA_USAGE = YES_ERROR;
				CLANG_WARN_DOCUMENTATION_COMMENTS = YES;
				CLANG_WARN_EMPTY_BODY = YES;
				CLANG_WARN_ENUM_CONVERSION = YES;
				CLANG_WARN_INFINITE_RECURSION = YES;
				CLANG_WARN_INT_CONVERSION = YES;
				CLANG_WARN_NON_LITERAL_NULL_CONVERSION = YES;
				CLANG_WARN_OBJC_IMPLICIT_RETAIN_SELF = YES;
				CLANG_WARN_OBJC_LITERAL_CONVERSION = YES;
				CLANG_WARN_OBJC_ROOT_CLASS = YES_ERROR;
				CLANG_WARN_QUOTED_INCLUDE_IN_FRAMEWORK_HEADER = YES;
				CLANG_WARN_RANGE_LOOP_ANALYSIS = YES;
				CLANG_WARN_STRICT_PROTOTYPES = YES;
				CLANG_WARN_SUSPICIOUS_MOVE = YES;
				CLANG_WARN_UNGUARDED_AVAILABILITY = YES_AGGRESSIVE;
				CLANG_WARN_UNREACHABLE_CODE = YES;
				CLANG_WARN__DUPLICATE_METHOD_MATCH = YES;
				COPY_PHASE_STRIP = NO;
				DEBUG_INFORMATION_FORMAT = "dwarf-with-dsym";
				ENABLE_NS_ASSERTIONS = NO;
				ENABLE_STRICT_OBJC_MSGSEND = YES;
				GCC_C_LANGUAGE_STANDARD = gnu11;
				GCC_NO_COMMON_BLOCKS = YES;
				GCC_WARN_64_TO_32_BIT_CONVERSION = YES;
				GCC_WARN_ABOUT_RETURN_TYPE = YES_ERROR;
				GCC_WARN_UNDECLARED_SELECTOR = YES;
				GCC_WARN_UNINITIALIZED_AUTOS = YES_AGGRESSIVE;
				GCC_WARN_UNUSED_FUNCTION = YES;
				GCC_WARN_UNUSED_VARIABLE = YES;
				IPHONEOS_DEPLOYMENT_TARGET = 15.5;
				MTL_ENABLE_DEBUG_INFO = NO;
				MTL_FAST_MATH = YES;
				SDKROOT = iphoneos;
				SWIFT_COMPILATION_MODE = wholemodule;
				SWIFT_OPTIMIZATION_LEVEL = "-O";
				VALIDATE_PRODUCT = YES;
			};
			name = Release;
		};
		26C3ED752888B683003E5454 /* Debug */ = {
			isa = XCBuildConfiguration;
			buildSettings = {
				ASSETCATALOG_COMPILER_APPICON_NAME = AppIcon;
				ASSETCATALOG_COMPILER_GLOBAL_ACCENT_COLOR_NAME = AccentColor;
				CODE_SIGN_STYLE = Automatic;
				CURRENT_PROJECT_VERSION = 1;
				DEVELOPMENT_TEAM = QWXSDUP35P;
				GENERATE_INFOPLIST_FILE = YES;
				INFOPLIST_FILE = "19(mishozirakashvili)/Info.plist";
				INFOPLIST_KEY_UIApplicationSupportsIndirectInputEvents = YES;
				INFOPLIST_KEY_UILaunchStoryboardName = LaunchScreen;
				INFOPLIST_KEY_UIMainStoryboardFile = Main;
				INFOPLIST_KEY_UISupportedInterfaceOrientations_iPad = "UIInterfaceOrientationPortrait UIInterfaceOrientationPortraitUpsideDown UIInterfaceOrientationLandscapeLeft UIInterfaceOrientationLandscapeRight";
				INFOPLIST_KEY_UISupportedInterfaceOrientations_iPhone = "UIInterfaceOrientationPortrait UIInterfaceOrientationLandscapeLeft UIInterfaceOrientationLandscapeRight";
				LD_RUNPATH_SEARCH_PATHS = (
					"$(inherited)",
					"@executable_path/Frameworks",
				);
				MARKETING_VERSION = 1.0;
				PRODUCT_BUNDLE_IDENTIFIER = "tbcacademy.com.-9-mishozirakashvili-";
				PRODUCT_NAME = "$(TARGET_NAME)";
				SWIFT_EMIT_LOC_STRINGS = YES;
				SWIFT_VERSION = 5.0;
				TARGETED_DEVICE_FAMILY = "1,2";
			};
			name = Debug;
		};
		26C3ED762888B683003E5454 /* Release */ = {
			isa = XCBuildConfiguration;
			buildSettings = {
				ASSETCATALOG_COMPILER_APPICON_NAME = AppIcon;
				ASSETCATALOG_COMPILER_GLOBAL_ACCENT_COLOR_NAME = AccentColor;
				CODE_SIGN_STYLE = Automatic;
				CURRENT_PROJECT_VERSION = 1;
				DEVELOPMENT_TEAM = QWXSDUP35P;
				GENERATE_INFOPLIST_FILE = YES;
				INFOPLIST_FILE = "19(mishozirakashvili)/Info.plist";
				INFOPLIST_KEY_UIApplicationSupportsIndirectInputEvents = YES;
				INFOPLIST_KEY_UILaunchStoryboardName = LaunchScreen;
				INFOPLIST_KEY_UIMainStoryboardFile = Main;
				INFOPLIST_KEY_UISupportedInterfaceOrientations_iPad = "UIInterfaceOrientationPortrait UIInterfaceOrientationPortraitUpsideDown UIInterfaceOrientationLandscapeLeft UIInterfaceOrientationLandscapeRight";
				INFOPLIST_KEY_UISupportedInterfaceOrientations_iPhone = "UIInterfaceOrientationPortrait UIInterfaceOrientationLandscapeLeft UIInterfaceOrientationLandscapeRight";
				LD_RUNPATH_SEARCH_PATHS = (
					"$(inherited)",
					"@executable_path/Frameworks",
				);
				MARKETING_VERSION = 1.0;
				PRODUCT_BUNDLE_IDENTIFIER = "tbcacademy.com.-9-mishozirakashvili-";
				PRODUCT_NAME = "$(TARGET_NAME)";
				SWIFT_EMIT_LOC_STRINGS = YES;
				SWIFT_VERSION = 5.0;
				TARGETED_DEVICE_FAMILY = "1,2";
			};
			name = Release;
		};
/* End XCBuildConfiguration section */

/* Begin XCConfigurationList section */
		26C3ED5B2888B682003E5454 /* Build configuration list for PBXProject "19(mishozirakashvili)" */ = {
			isa = XCConfigurationList;
			buildConfigurations = (
				26C3ED722888B683003E5454 /* Debug */,
				26C3ED732888B683003E5454 /* Release */,
			);
			defaultConfigurationIsVisible = 0;
			defaultConfigurationName = Release;
		};
		26C3ED742888B683003E5454 /* Build configuration list for PBXNativeTarget "19(mishozirakashvili)" */ = {
			isa = XCConfigurationList;
			buildConfigurations = (
				26C3ED752888B683003E5454 /* Debug */,
				26C3ED762888B683003E5454 /* Release */,
			);
			defaultConfigurationIsVisible = 0;
			defaultConfigurationName = Release;
		};
/* End XCConfigurationList section */
	};
	rootObject = 26C3ED582888B682003E5454 /* Project object */;
}
